
Microsoft Visual Studio Solution File, Format Version 12.00
# Visual Studio Version 16
VisualStudioVersion = 16.0.30225.117
MinimumVisualStudioVersion = 10.0.40219.1
Project("{888888A0-9F3D-457C-B088-3A5042F75D52}") = "AdventOfCode2022", "AdventOfCode2022.pyproj", "{C61418D5-57BD-429E-B794-D6D028CF77FD}"
EndProject
Global
	GlobalSection(SolutionConfigurationPlatforms) = preSolution
		Debug|Any CPU = Debug|Any CPU
		Release|Any CPU = Release|Any CPU
	EndGlobalSection
	GlobalSection(ProjectConfigurationPlatforms) = postSolution
		{C61418D5-57BD-429E-B794-D6D028CF77FD}.Debug|Any CPU.ActiveCfg = Debug|Any CPU
		{C61418D5-57BD-429E-B794-D6D028CF77FD}.Release|Any CPU.ActiveCfg = Release|Any CPU
	EndGlobalSection
	GlobalSection(SolutionProperties) = preSolution
		HideSolutionNode = FALSE
	EndGlobalSection
	GlobalSection(ExtensibilityGlobals) = postSolution
		SolutionGuid = {38A42E2C-4A47-4421-A7B9-500182DD811C}
	EndGlobalSection
EndGlobal
